
Microsoft Visual Studio Solution File, Format Version 12.00
# Visual Studio Version 16
VisualStudioVersion = 16.0.29326.143
MinimumVisualStudioVersion = 10.0.40219.1
Project("{2150E333-8FDC-42A3-9474-1A3956D46DE8}") = "Api", "Api", "{F3B5EC90-841D-4B2D-80FC-4DC712E41EA0}"
EndProject
Project("{9A19103F-16F7-4668-BE54-9A1E7A4F7556}") = "TaskApi", "TaskApi\TaskApi.csproj", "{56B7ADF2-7B56-4A76-97EF-2B4A5D704170}"
EndProject
Project("{9A19103F-16F7-4668-BE54-9A1E7A4F7556}") = "TaskApi.Data", "TaskApi.Data\TaskApi.Data.csproj", "{858F52B4-397F-45E7-9656-837E11A22E9E}"
EndProject
Project("{9A19103F-16F7-4668-BE54-9A1E7A4F7556}") = "TaskApi.Messaging.Receive", "TaskApi.Messaging.Receive\TaskApi.Messaging.Receive.csproj", "{1985902B-8213-46CA-9679-D9CEA8A54A7A}"
EndProject
Project("{9A19103F-16F7-4668-BE54-9A1E7A4F7556}") = "TaskApi.Service", "TaskApi.Service\TaskApi.Service.csproj", "{4530852C-BD00-4392-ADAE-54986B5D2729}"
EndProject
Project("{FAE04EC0-301F-11D3-BF4B-00C04F79EFBC}") = "TaskApi.Domain", "TaskApi.Domain\TaskApi.Domain.csproj", "{920007B5-CBC4-4516-A96B-4E54D67CB6C6}"
EndProject
Global
	GlobalSection(SolutionConfigurationPlatforms) = preSolution
		Debug|Any CPU = Debug|Any CPU
		Release|Any CPU = Release|Any CPU
	EndGlobalSection
	GlobalSection(ProjectConfigurationPlatforms) = postSolution
		{56B7ADF2-7B56-4A76-97EF-2B4A5D704170}.Debug|Any CPU.ActiveCfg = Debug|Any CPU
		{56B7ADF2-7B56-4A76-97EF-2B4A5D704170}.Debug|Any CPU.Build.0 = Debug|Any CPU
		{56B7ADF2-7B56-4A76-97EF-2B4A5D704170}.Release|Any CPU.ActiveCfg = Release|Any CPU
		{56B7ADF2-7B56-4A76-97EF-2B4A5D704170}.Release|Any CPU.Build.0 = Release|Any CPU
		{858F52B4-397F-45E7-9656-837E11A22E9E}.Debug|Any CPU.ActiveCfg = Debug|Any CPU
		{858F52B4-397F-45E7-9656-837E11A22E9E}.Debug|Any CPU.Build.0 = Debug|Any CPU
		{858F52B4-397F-45E7-9656-837E11A22E9E}.Release|Any CPU.ActiveCfg = Release|Any CPU
		{858F52B4-397F-45E7-9656-837E11A22E9E}.Release|Any CPU.Build.0 = Release|Any CPU
		{1985902B-8213-46CA-9679-D9CEA8A54A7A}.Debug|Any CPU.ActiveCfg = Debug|Any CPU
		{1985902B-8213-46CA-9679-D9CEA8A54A7A}.Debug|Any CPU.Build.0 = Debug|Any CPU
		{1985902B-8213-46CA-9679-D9CEA8A54A7A}.Release|Any CPU.ActiveCfg = Release|Any CPU
		{1985902B-8213-46CA-9679-D9CEA8A54A7A}.Release|Any CPU.Build.0 = Release|Any CPU
		{4530852C-BD00-4392-ADAE-54986B5D2729}.Debug|Any CPU.ActiveCfg = Debug|Any CPU
		{4530852C-BD00-4392-ADAE-54986B5D2729}.Debug|Any CPU.Build.0 = Debug|Any CPU
		{4530852C-BD00-4392-ADAE-54986B5D2729}.Release|Any CPU.ActiveCfg = Release|Any CPU
		{4530852C-BD00-4392-ADAE-54986B5D2729}.Release|Any CPU.Build.0 = Release|Any CPU
		{920007B5-CBC4-4516-A96B-4E54D67CB6C6}.Debug|Any CPU.ActiveCfg = Debug|Any CPU
		{920007B5-CBC4-4516-A96B-4E54D67CB6C6}.Debug|Any CPU.Build.0 = Debug|Any CPU
		{920007B5-CBC4-4516-A96B-4E54D67CB6C6}.Release|Any CPU.ActiveCfg = Release|Any CPU
		{920007B5-CBC4-4516-A96B-4E54D67CB6C6}.Release|Any CPU.Build.0 = Release|Any CPU
	EndGlobalSection
	GlobalSection(SolutionProperties) = preSolution
		HideSolutionNode = FALSE
	EndGlobalSection
	GlobalSection(NestedProjects) = preSolution
		{56B7ADF2-7B56-4A76-97EF-2B4A5D704170} = {F3B5EC90-841D-4B2D-80FC-4DC712E41EA0}
		{858F52B4-397F-45E7-9656-837E11A22E9E} = {F3B5EC90-841D-4B2D-80FC-4DC712E41EA0}
		{1985902B-8213-46CA-9679-D9CEA8A54A7A} = {F3B5EC90-841D-4B2D-80FC-4DC712E41EA0}
		{4530852C-BD00-4392-ADAE-54986B5D2729} = {F3B5EC90-841D-4B2D-80FC-4DC712E41EA0}
		{920007B5-CBC4-4516-A96B-4E54D67CB6C6} = {F3B5EC90-841D-4B2D-80FC-4DC712E41EA0}
	EndGlobalSection
	GlobalSection(ExtensibilityGlobals) = postSolution
		SolutionGuid = {790E3A7E-E195-4C10-BD5A-05299CB36CE2}
	EndGlobalSection
EndGlobal
